4d63.com/embedfiles v0.0.0-20190311033909-995e0740726f/go.mod h1:HxEsUxoVZyRxsZML/S6e2xAuieFMlGO0756ncWx1aXE=
4d63.com/tz v1.0.0 h1:0sNH3YK72CLPASIneUNzBUnuFN75xcrVvzLrIiirHTU=
4d63.com/tz v1.0.0/go.mod h1:Wb9xUAJLUbmcxZn11yBmZQ2VbDwHL+JXn9gT+a3S1uc=
4d63.com/tz v1.1.0 h1:Hi58WbeFjiUH4XOWuCpl5iSzuUuw1axZzTqIfMKPKrg=
4d63.com/tz v1.1.0/go.mod h1:SHGqVdL7hd2ZaX2T9uEiOZ/OFAUfCCLURdLPJsd8ZNs=
github.com/Sirupsen/logrus v0.8.8-0.20160119000032-f7f79f729e0f h1:9ZanmNLF/BV98J6omNjyJyWLacmhzCspi11cFG0tAhk=
github.com/Sirupsen/logrus v0.8.8-0.20160119000032-f7f79f729e0f/go.mod h1:rmk17hk6i8ZSAJkSDa7nOxamrG+SP4P0mm+DAvExv4U=
github.com/bgentry/que-go v0.0.0-20150403043138-f18340e98b6a h1:nKGYleO33p8UMLb2nar3+aYFXEj+/DmcqMKongv2j4E=
github.com/bgentry/que-go v0.0.0-20150403043138-f18340e98b6a/go.mod h1:brRADvWrR9WUT5E5NxTHwLhPmuhKHWbrRudSun7H6ZU=
github.com/bradfitz/latlong v0.0.0-20140711232920-7d3ff04aa2b0/go.mod h1:ZcXX9BndVQx6Q/JM6B8x7dLE9sl20S+TQsv4KO7tEQk=
github.com/c9s/go-runkeeper v0.0.0-20140317121255-9cbf0ab2d46d h1:RTVHGgKQPP7G+PZZQ3NLJ6/JNvbWGnuxReujAjUnemk=
github.com/c9s/go-runkeeper v0.0.0-20140317121255-9cbf0ab2d46d/go.mod h1:VkdsOheooPYF2+6khnc8P+4+OhG/2rkItfLCHGVedbg=
github.com/go-sql-driver/mysql v1.2.1-0.20160120145418-acb04ffadecc h1:MtsLQ7beJPrrzYd399Ht7aZYU2nKI61Mhtyh8d0AwbE=
github.com/go-sql-driver/mysql v1.2.1-0.20160120145418-acb04ffadecc/go.mod h1:zAC/RDZ24gD3HViQzih4MyKcchzm+sOG5ZlKdlhCg5w=
github.com/gorilla/context v1.1.1 h1:AWwleXJkX/nhcU9bZSnZoi3h/qGYqQAGhq6zZe/aQW8=
github.com/gorilla/context v1.1.1/go.mod h1:kBGZzfjB9CEq2AlWe17Uuf7NDRt0dE0s8S51q0aT7Yg=
github.com/gorilla/mux v1.3.1-0.20170228224354-599cba5e7b61 h1:fgQcA2gW8X1dLTYeaO8N6d1UMxsHczPYRjITrFNjxhk=
github.com/gorilla/mux v1.3.1-0.20170228224354-599cba5e7b61/go.mod h1:1lud6UwP+6orDFRuTfBEV8e9/aOM/c4fVVCaMa2zaAs=
github.com/jackc/pgx v2.7.2-0.20151231204643-9f9a9779ac79+incompatible h1:rw85IulbwIexaY1Ky0xAWTsIsQ9ja/L2Rvu6TJ2XarY=
github.com/jackc/pgx v2.7.2-0.20151231204643-9f9a9779ac79+incompatible/go.mod h1:0ZGrqGqkRlliWnWB4zKnWtjbSWbGkVEFm4TeybAXq+I=
github.com/newrelic/go-agent v1.7.0 h1:MbKxrZ5xv1bR+s9dK94JhreKBB+Pmp6Jv9sLsFiPjfE=
github.com/newrelic/go-agent v1.7.0/go.mod h1:a8Fv1b/fYhFSReoTU6HDkTYIMZeSVNffmoS726Y0LzQ=
github.com/strava/go.strava v0.0.0-20160123225943-f5c7cee1038b h1:z2YPUlqW2H8URkOdcSbL4qW3XiYtjSMArW0VjS4fFSw=
github.com/strava/go.strava v0.0.0-20160123225943-f5c7cee1038b/go.mod h1:M6HqlQU01mCWZxTUI0n9XMxUOsJQpCwJbyq/w1j/Lkg=
golang.org/x/sys v0.0.0-20160127150742-eb2c74142fd1/go.mod h1:STP8DvDyc/dI5b8T5hshtkjS+E42TnysNCUPdjciGhY=
